# This file is autogenerated, do not edit; changes may be undone by the next 'dep ensure'.


[[projects]]
  name = "github.com/PuerkitoBio/purell"
  packages = ["."]
  revision = "44968752391892e1b0d0b821ee79e9a85fa13049"
  version = "v1.1.1"

[[projects]]
  branch = "master"
  name = "github.com/PuerkitoBio/urlesc"
  packages = ["."]
  revision = "de5bf2ad457846296e2031421a34e2568e304e35"

[[projects]]
  branch = "master"
  name = "github.com/alecthomas/template"
  packages = [".","parse"]
  revision = "a0175ee3bccc567396460bf5acd36800cb10c49c"

[[projects]]
  name = "github.com/go-openapi/jsonpointer"
  packages = ["."]
  revision = "ef5f0afec364d3b9396b7b77b43dbe26bf1f8004"
  version = "v0.19.0"

[[projects]]
  name = "github.com/go-openapi/jsonreference"
  packages = ["."]
  revision = "8483a886a90412cd6858df4ea3483dce9c8e35a3"
  version = "v0.19.0"

[[projects]]
  name = "github.com/go-openapi/spec"
  packages = ["."]
  revision = "53d776530bf78a11b03a7b52dd8a083086b045e5"
  version = "v0.19.0"

[[projects]]
  name = "github.com/go-openapi/swag"
  packages = ["."]
  revision = "b3e2804c8535ee0d1b89320afd98474d5b8e9e3b"
  version = "v0.19.0"

[[projects]]
  name = "github.com/gorilla/handlers"
  packages = ["."]
  revision = "7e0847f9db758cdebd26c149d0ae9d5d0b9c98ce"
  version = "v1.4.0"

[[projects]]
  name = "github.com/gorilla/mux"
  packages = ["."]
  revision = "c5c6c98bc25355028a63748a498942a6398ccd22"
  version = "v1.7.1"

[[projects]]
  branch = "master"
  name = "github.com/mailru/easyjson"
  packages = ["buffer","jlexer","jwriter"]
  revision = "1ea4449da9834f4d333f1cc461c374aea217d249"

[[projects]]
  name = "github.com/nats-io/go-nats"
  packages = ["encoders/builtin","util"]
  revision = "70fe06cee50d4b6f98248d9675fb55f2a3aa7228"
  version = "v1.7.2"

[[projects]]
  name = "github.com/nats-io/nats"
  packages = ["."]
  revision = "70fe06cee50d4b6f98248d9675fb55f2a3aa7228"
  version = "v1.7.2"

[[projects]]
  name = "github.com/nats-io/nkeys"
  packages = ["."]
  revision = "1546a3320a8f195a5b5c84aef8309377c2e411d5"
  version = "v0.0.2"

[[projects]]
  name = "github.com/nats-io/nuid"
  packages = ["."]
  revision = "289cccf02c178dc782430d534e3c1f5b72af807f"
  version = "v1.0.0"

[[projects]]
  name = "github.com/patrickmn/go-cache"
  packages = ["."]
  revision = "a3647f8e31d79543b2d0f0ae2fe5c379d72cedc0"
  version = "v2.1.0"

[[projects]]
  name = "github.com/paulmach/go.geojson"
  packages = ["."]
  revision = "a5c451da2d9c67c590ae6be92565b67698286a1a"
  version = "v1.4"

[[projects]]
  name = "github.com/pkg/errors"
  packages = ["."]
  revision = "ba968bfe8b2f7e042a574c888954fccecfa385b4"
  version = "v0.8.1"

[[projects]]
  name = "github.com/subosito/gotenv"
  packages = ["."]
  revision = "69b5b6104433beb2cb9c3ce00bdadf3c7c2d3f34"
  version = "v1.1.1"

[[projects]]
  branch = "master"
  name = "github.com/swaggo/files"
  packages = ["."]
  revision = "30649e0721f8182c54490d5f74ef0e03f8b50e4e"

[[projects]]
  branch = "master"
  name = "github.com/swaggo/http-swagger"
  packages = ["."]
  revision = "654001218d89462fe840d393d858585f84623004"

[[projects]]
  name = "github.com/swaggo/swag"
  packages = ["."]
  revision = "a5009d0064c700c555082c4290d6eab9a923721b"
  version = "v1.5.0"

[[projects]]
  branch = "master"
  name = "golang.org/x/crypto"
  packages = ["ed25519","ed25519/internal/edwards25519"]
  revision = "c2843e01d9a2bc60bb26ad24e09734fdc2d9ec58"

[[projects]]
  branch = "master"
  name = "golang.org/x/net"
  packages = ["context","idna","webdav","webdav/internal/xml"]
  revision = "eb5bcb51f2a31c7d5141d810b70815c05d9c9146"

[[projects]]
  name = "golang.org/x/text"
  packages = ["collate","collate/build","internal/colltab","internal/gen","internal/tag","internal/triegen","internal/ucd","language","secure/bidirule","transform","unicode/bidi","unicode/cldr","unicode/norm","unicode/rangetable","width"]
  revision = "f21a4dfb5e38f5895301dc265a8def02365cc3d0"
  version = "v0.3.0"

[[projects]]
  branch = "master"
  name = "golang.org/x/tools"
  packages = ["go/ast/astutil","go/buildutil","go/internal/cgo","go/loader"]
  revision = "0fdf0c73855bae8482c5d3907a9e06f33ff70a10"

[[projects]]
  name = "gopkg.in/yaml.v2"
  packages = ["."]
  revision = "51d6538a90f86fe93ac480b35f37b2be17fef232"
  version = "v2.2.2"

[solve-meta]
  analyzer-name = "dep"
  analyzer-version = 1
  inputs-digest = "be0720fbf98e59670a3053e8f03c0936dcf982377d80bd2f4c469a6844f063bc"
  solver-name = "gps-cdcl"
  solver-version = 1
